
Microsoft Visual Studio Solution File, Format Version 12.00
Project("{FAE04EC0-301F-11D3-BF4B-00C04F79EFBC}") = "CodeSmells", "CodeSmells.csproj", "{F3BBE886-EC10-4EF6-8480-FBBF3887C881}"
EndProject
Global
	GlobalSection(SolutionConfigurationPlatforms) = preSolution
		Debug|Any CPU = Debug|Any CPU
		Release|Any CPU = Release|Any CPU
	EndGlobalSection
	GlobalSection(ProjectConfigurationPlatforms) = postSolution
		{F3BBE886-EC10-4EF6-8480-FBBF3887C881}.Debug|Any CPU.ActiveCfg = Debug|Any CPU
		{F3BBE886-EC10-4EF6-8480-FBBF3887C881}.Debug|Any CPU.Build.0 = Debug|Any CPU
		{F3BBE886-EC10-4EF6-8480-FBBF3887C881}.Release|Any CPU.ActiveCfg = Release|Any CPU
		{F3BBE886-EC10-4EF6-8480-FBBF3887C881}.Release|Any CPU.Build.0 = Release|Any CPU
	EndGlobalSection
EndGlobal
